{
  "name": "FesGen",
  "version": "1.0.0",
  "lockfileVersion": 2,
  "requires": true,
  "packages": {
    "": {
      "name": "FesGen",
      "version": "1.0.0",
      "devDependencies": {
        "vue": "^3.2.30"
      }
    },
    "node_modules/@babel/parser": {
      "version": "7.17.0",
      "dev": true,
      "license": "MIT",
      "bin": {
        "parser": "bin/babel-parser.js"
      },
      "engines": {
        "node": ">=6.0.0"
      }
    },
    "node_modules/@vue/compiler-core": {
      "version": "3.2.30",
      "dev": true,
      "license": "MIT",
      "dependencies": {
        "@babel/parser": "^7.16.4",
        "@vue/shared": "3.2.30",
        "estree-walker": "^2.0.2",
        "source-map": "^0.6.1"
      }
    },
    "node_modules/@vue/compiler-dom": {
      "version": "3.2.30",
      "dev": true,
      "license": "MIT",
      "dependencies": {
        "@vue/compiler-core": "3.2.30",
        "@vue/shared": "3.2.30"
      }
    },
    "node_modules/@vue/compiler-sfc": {
      "version": "3.2.30",
      "dev": true,
      "license": "MIT",
      "dependencies": {
        "@babel/parser": "^7.16.4",
        "@vue/compiler-core": "3.2.30",
        "@vue/compiler-dom": "3.2.30",
        "@vue/compiler-ssr": "3.2.30",
        "@vue/reactivity-transform": "3.2.30",
        "@vue/shared": "3.2.30",
        "estree-walker": "^2.0.2",
        "magic-string": "^0.25.7",
        "postcss": "^8.1.10",
        "source-map": "^0.6.1"
      }
    },
    "node_modules/@vue/compiler-ssr": {
      "version": "3.2.30",
      "dev": true,
      "license": "MIT",
      "dependencies": {
        "@vue/compiler-dom": "3.2.30",
        "@vue/shared": "3.2.30"
      }
    },
    "node_modules/@vue/reactivity": {
      "version": "3.2.30",
      "dev": true,
      "license": "MIT",
      "dependencies": {
        "@vue/shared": "3.2.30"
      }
    },
    "node_modules/@vue/reactivity-transform": {
      "version": "3.2.30",
      "dev": true,
      "license": "MIT",
      "dependencies": {
        "@babel/parser": "^7.16.4",
        "@vue/compiler-core": "3.2.30",
        "@vue/shared": "3.2.30",
        "estree-walker": "^2.0.2",
        "magic-string": "^0.25.7"
      }
    },
    "node_modules/@vue/runtime-core": {
      "version": "3.2.30",
      "dev": true,
      "license": "MIT",
      "dependencies": {
        "@vue/reactivity": "3.2.30",
        "@vue/shared": "3.2.30"
      }
    },
    "node_modules/@vue/runtime-dom": {
      "version": "3.2.30",
      "dev": true,
      "license": "MIT",
      "dependencies": {
        "@vue/runtime-core": "3.2.30",
        "@vue/shared": "3.2.30",
        "csstype": "^2.6.8"
      }
    },
    "node_modules/@vue/server-renderer": {
      "version": "3.2.30",
      "dev": true,
      "license": "MIT",
      "dependencies": {
        "@vue/compiler-ssr": "3.2.30",
        "@vue/shared": "3.2.30"
      },
      "peerDependencies": {
        "vue": "3.2.30"
      }
    },
    "node_modules/@vue/shared": {
      "version": "3.2.30",
      "dev": true,
      "license": "MIT"
    },
    "node_modules/csstype": {
      "version": "2.6.19",
      "dev": true,
      "license": "MIT"
    },
    "node_modules/estree-walker": {
      "version": "2.0.2",
      "dev": true,
      "license": "MIT"
    },
    "node_modules/magic-string": {
      "version": "0.25.7",
      "dev": true,
      "license": "MIT",
      "dependencies": {
        "sourcemap-codec": "^1.4.4"
      }
    },
    "node_modules/nanoid": {
      "version": "3.2.0",
      "dev": true,
      "license": "MIT",
      "bin": {
        "nanoid": "bin/nanoid.cjs"
      },
      "engines": {
        "node": "^10 || ^12 || ^13.7 || ^14 || >=15.0.1"
      }
    },
    "node_modules/picocolors": {
      "version": "1.0.0",
      "dev": true,
      "license": "ISC"
    },
    "node_modules/postcss": {
      "version": "8.4.6",
      "dev": true,
      "license": "MIT",
      "dependencies": {
        "nanoid": "^3.2.0",
        "picocolors": "^1.0.0",
        "source-map-js": "^1.0.2"
      },
      "engines": {
        "node": "^10 || ^12 || >=14"
      },
      "funding": {
        "type": "opencollective",
        "url": "https://opencollective.com/postcss/"
      }
    },
    "node_modules/source-map": {
      "version": "0.6.1",
      "dev": true,
      "license": "BSD-3-Clause",
      "engines": {
        "node": ">=0.10.0"
      }
    },
    "node_modules/source-map-js": {
      "version": "1.0.2",
      "dev": true,
      "license": "BSD-3-Clause",
      "engines": {
        "node": ">=0.10.0"
      }
    },
    "node_modules/sourcemap-codec": {
      "version": "1.4.8",
      "dev": true,
      "license": "MIT"
    },
    "node_modules/vue": {
      "version": "3.2.30",
      "resolved": "https://registry.npmjs.org/vue/-/vue-3.2.30.tgz",
      "integrity": "sha512-ZmTFWVJUX2XADkuOB8GcLTuxnBLogjJBTNVrM7WsTnjqRQ+VR8bLNrvNsbn8vj/LaP5+0WFAPrpngOYE2x+e+Q==",
      "dev": true,
      "dependencies": {
        "@vue/compiler-dom": "3.2.30",
        "@vue/compiler-sfc": "3.2.30",
        "@vue/runtime-dom": "3.2.30",
        "@vue/server-renderer": "3.2.30",
        "@vue/shared": "3.2.30"
      }
    }
  },
  "dependencies": {
    "@babel/parser": {
      "version": "7.17.0",
      "dev": true
    },
    "@vue/compiler-core": {
      "version": "3.2.30",
      "dev": true,
      "requires": {
        "@babel/parser": "^7.16.4",
        "@vue/shared": "3.2.30",
        "estree-walker": "^2.0.2",
        "source-map": "^0.6.1"
      }
    },
    "@vue/compiler-dom": {
      "version": "3.2.30",
      "dev": true,
      "requires": {
        "@vue/compiler-core": "3.2.30",
        "@vue/shared": "3.2.30"
      }
    },
    "@vue/compiler-sfc": {
      "version": "3.2.30",
      "dev": true,
      "requires": {
        "@babel/parser": "^7.16.4",
        "@vue/compiler-core": "3.2.30",
        "@vue/compiler-dom": "3.2.30",
        "@vue/compiler-ssr": "3.2.30",
        "@vue/reactivity-transform": "3.2.30",
        "@vue/shared": "3.2.30",
        "estree-walker": "^2.0.2",
        "magic-string": "^0.25.7",
        "postcss": "^8.1.10",
        "source-map": "^0.6.1"
      }
    },
    "@vue/compiler-ssr": {
      "version": "3.2.30",
      "dev": true,
      "requires": {
        "@vue/compiler-dom": "3.2.30",
        "@vue/shared": "3.2.30"
      }
    },
    "@vue/reactivity": {
      "version": "3.2.30",
      "dev": true,
      "requires": {
        "@vue/shared": "3.2.30"
      }
    },
    "@vue/reactivity-transform": {
      "version": "3.2.30",
      "dev": true,
      "requires": {
        "@babel/parser": "^7.16.4",
        "@vue/compiler-core": "3.2.30",
        "@vue/shared": "3.2.30",
        "estree-walker": "^2.0.2",
        "magic-string": "^0.25.7"
      }
    },
    "@vue/runtime-core": {
      "version": "3.2.30",
      "dev": true,
      "requires": {
        "@vue/reactivity": "3.2.30",
        "@vue/shared": "3.2.30"
      }
    },
    "@vue/runtime-dom": {
      "version": "3.2.30",
      "dev": true,
      "requires": {
        "@vue/runtime-core": "3.2.30",
        "@vue/shared": "3.2.30",
        "csstype": "^2.6.8"
      }
    },
    "@vue/server-renderer": {
      "version": "3.2.30",
      "dev": true,
      "requires": {
        "@vue/compiler-ssr": "3.2.30",
        "@vue/shared": "3.2.30"
      }
    },
    "@vue/shared": {
      "version": "3.2.30",
      "dev": true
    },
    "csstype": {
      "version": "2.6.19",
      "dev": true
    },
    "estree-walker": {
      "version": "2.0.2",
      "dev": true
    },
    "magic-string": {
      "version": "0.25.7",
      "dev": true,
      "requires": {
        "sourcemap-codec": "^1.4.4"
      }
    },
    "nanoid": {
      "version": "3.2.0",
      "dev": true
    },
    "picocolors": {
      "version": "1.0.0",
      "dev": true
    },
    "postcss": {
      "version": "8.4.6",
      "dev": true,
      "requires": {
        "nanoid": "^3.2.0",
        "picocolors": "^1.0.0",
        "source-map-js": "^1.0.2"
      }
    },
    "source-map": {
      "version": "0.6.1",
      "dev": true
    },
    "source-map-js": {
      "version": "1.0.2",
      "dev": true
    },
    "sourcemap-codec": {
      "version": "1.4.8",
      "dev": true
    },
    "vue": {
      "version": "3.2.30",
      "resolved": "https://registry.npmjs.org/vue/-/vue-3.2.30.tgz",
      "integrity": "sha512-ZmTFWVJUX2XADkuOB8GcLTuxnBLogjJBTNVrM7WsTnjqRQ+VR8bLNrvNsbn8vj/LaP5+0WFAPrpngOYE2x+e+Q==",
      "dev": true,
      "requires": {
        "@vue/compiler-dom": "3.2.30",
        "@vue/compiler-sfc": "3.2.30",
        "@vue/runtime-dom": "3.2.30",
        "@vue/server-renderer": "3.2.30",
        "@vue/shared": "3.2.30"
      }
    }
  }
}
